// !$*UTF8*$!
{
	archiveVersion = 1;
	classes = {
	};
	objectVersion = 56;
	objects = {

/* Begin PBXBuildFile section */
		E5137A602A0A5DE70053C4F1 /* SignUpViewController.swift in Sources */ = {isa = PBXBuildFile; fileRef = E5137A5F2A0A5DE70053C4F1 /* SignUpViewController.swift */; };
		E5137A632A0AA2DB0053C4F1 /* HomeViewController.swift in Sources */ = {isa = PBXBuildFile; fileRef = E5137A622A0AA2DB0053C4F1 /* HomeViewController.swift */; };
		E5399E2B2A0C6DAB00F5132A /* ComicCollectionViewCell.swift in Sources */ = {isa = PBXBuildFile; fileRef = E5399E2A2A0C6DAB00F5132A /* ComicCollectionViewCell.swift */; };
		E5399E2E2A0C7C3300F5132A /* Kingfisher in Frameworks */ = {isa = PBXBuildFile; productRef = E5399E2D2A0C7C3300F5132A /* Kingfisher */; };
		E5399E302A0C8F9E00F5132A /* RatingComicCollectionViewCell.swift in Sources */ = {isa = PBXBuildFile; fileRef = E5399E2F2A0C8F9E00F5132A /* RatingComicCollectionViewCell.swift */; };
		E5AFAD282A09634500D8DF0E /* AppDelegate.swift in Sources */ = {isa = PBXBuildFile; fileRef = E5AFAD272A09634500D8DF0E /* AppDelegate.swift */; };
		E5AFAD2A2A09634500D8DF0E /* SceneDelegate.swift in Sources */ = {isa = PBXBuildFile; fileRef = E5AFAD292A09634500D8DF0E /* SceneDelegate.swift */; };
		E5AFAD2C2A09634500D8DF0E /* ViewController.swift in Sources */ = {isa = PBXBuildFile; fileRef = E5AFAD2B2A09634500D8DF0E /* ViewController.swift */; };
		E5AFAD2F2A09634500D8DF0E /* Main.storyboard in Resources */ = {isa = PBXBuildFile; fileRef = E5AFAD2D2A09634500D8DF0E /* Main.storyboard */; };
		E5AFAD312A09634600D8DF0E /* Assets.xcassets in Resources */ = {isa = PBXBuildFile; fileRef = E5AFAD302A09634600D8DF0E /* Assets.xcassets */; };
		E5AFAD342A09634600D8DF0E /* LaunchScreen.storyboard in Resources */ = {isa = PBXBuildFile; fileRef = E5AFAD322A09634600D8DF0E /* LaunchScreen.storyboard */; };
		E5BBA2632A111154009DBA34 /* ComicPageViewController.swift in Sources */ = {isa = PBXBuildFile; fileRef = E5BBA2622A111154009DBA34 /* ComicPageViewController.swift */; };
		E5BBA2662A139FA0009DBA34 /* ChapterTableViewCell.swift in Sources */ = {isa = PBXBuildFile; fileRef = E5BBA2642A139FA0009DBA34 /* ChapterTableViewCell.swift */; };
		E5BBA2672A139FA0009DBA34 /* ChapterTableViewCell.xib in Resources */ = {isa = PBXBuildFile; fileRef = E5BBA2652A139FA0009DBA34 /* ChapterTableViewCell.xib */; };
		E5BBA2692A152CAC009DBA34 /* ComicContentViewController.swift in Sources */ = {isa = PBXBuildFile; fileRef = E5BBA2682A152CAC009DBA34 /* ComicContentViewController.swift */; };
		E5BBA2702A18AAF2009DBA34 /* ComicTableViewCell.swift in Sources */ = {isa = PBXBuildFile; fileRef = E5BBA26E2A18AAF2009DBA34 /* ComicTableViewCell.swift */; };
		E5BBA2712A18AAF2009DBA34 /* ComicTableViewCell.xib in Resources */ = {isa = PBXBuildFile; fileRef = E5BBA26F2A18AAF2009DBA34 /* ComicTableViewCell.xib */; };
		E5F8E22E2A1CDFCF00305886 /* chapterModel.swift in Sources */ = {isa = PBXBuildFile; fileRef = E5F8E22D2A1CDFCF00305886 /* chapterModel.swift */; };
		E5F8E2302A1CE08600305886 /* comicModel.swift in Sources */ = {isa = PBXBuildFile; fileRef = E5F8E22F2A1CE08600305886 /* comicModel.swift */; };
/* End PBXBuildFile section */

/* Begin PBXFileReference section */
		E5137A5F2A0A5DE70053C4F1 /* SignUpViewController.swift */ = {isa = PBXFileReference; lastKnownFileType = sourcecode.swift; path = SignUpViewController.swift; sourceTree = "<group>"; };
		E5137A622A0AA2DB0053C4F1 /* HomeViewController.swift */ = {isa = PBXFileReference; lastKnownFileType = sourcecode.swift; path = HomeViewController.swift; sourceTree = "<group>"; };
		E5399E2A2A0C6DAB00F5132A /* ComicCollectionViewCell.swift */ = {isa = PBXFileReference; lastKnownFileType = sourcecode.swift; path = ComicCollectionViewCell.swift; sourceTree = "<group>"; };
		E5399E2F2A0C8F9E00F5132A /* RatingComicCollectionViewCell.swift */ = {isa = PBXFileReference; lastKnownFileType = sourcecode.swift; path = RatingComicCollectionViewCell.swift; sourceTree = "<group>"; };
		E5AFAD242A09634500D8DF0E /* AppTruyenTranh.app */ = {isa = PBXFileReference; explicitFileType = wrapper.application; includeInIndex = 0; path = AppTruyenTranh.app; sourceTree = BUILT_PRODUCTS_DIR; };
		E5AFAD272A09634500D8DF0E /* AppDelegate.swift */ = {isa = PBXFileReference; lastKnownFileType = sourcecode.swift; path = AppDelegate.swift; sourceTree = "<group>"; };
		E5AFAD292A09634500D8DF0E /* SceneDelegate.swift */ = {isa = PBXFileReference; lastKnownFileType = sourcecode.swift; path = SceneDelegate.swift; sourceTree = "<group>"; };
		E5AFAD2B2A09634500D8DF0E /* ViewController.swift */ = {isa = PBXFileReference; lastKnownFileType = sourcecode.swift; path = ViewController.swift; sourceTree = "<group>"; };
		E5AFAD2E2A09634500D8DF0E /* Base */ = {isa = PBXFileReference; lastKnownFileType = file.storyboard; name = Base; path = Base.lproj/Main.storyboard; sourceTree = "<group>"; };
		E5AFAD302A09634600D8DF0E /* Assets.xcassets */ = {isa = PBXFileReference; lastKnownFileType = folder.assetcatalog; path = Assets.xcassets; sourceTree = "<group>"; };
		E5AFAD332A09634600D8DF0E /* Base */ = {isa = PBXFileReference; lastKnownFileType = file.storyboard; name = Base; path = Base.lproj/LaunchScreen.storyboard; sourceTree = "<group>"; };
		E5AFAD352A09634600D8DF0E /* Info.plist */ = {isa = PBXFileReference; lastKnownFileType = text.plist.xml; path = Info.plist; sourceTree = "<group>"; };
		E5BBA2622A111154009DBA34 /* ComicPageViewController.swift */ = {isa = PBXFileReference; lastKnownFileType = sourcecode.swift; path = ComicPageViewController.swift; sourceTree = "<group>"; };
		E5BBA2642A139FA0009DBA34 /* ChapterTableViewCell.swift */ = {isa = PBXFileReference; lastKnownFileType = sourcecode.swift; path = ChapterTableViewCell.swift; sourceTree = "<group>"; };
		E5BBA2652A139FA0009DBA34 /* ChapterTableViewCell.xib */ = {isa = PBXFileReference; lastKnownFileType = file.xib; path = ChapterTableViewCell.xib; sourceTree = "<group>"; };
		E5BBA2682A152CAC009DBA34 /* ComicContentViewController.swift */ = {isa = PBXFileReference; lastKnownFileType = sourcecode.swift; path = ComicContentViewController.swift; sourceTree = "<group>"; };
		E5BBA26E2A18AAF2009DBA34 /* ComicTableViewCell.swift */ = {isa = PBXFileReference; lastKnownFileType = sourcecode.swift; path = ComicTableViewCell.swift; sourceTree = "<group>"; };
		E5BBA26F2A18AAF2009DBA34 /* ComicTableViewCell.xib */ = {isa = PBXFileReference; lastKnownFileType = file.xib; path = ComicTableViewCell.xib; sourceTree = "<group>"; };
		E5F8E22D2A1CDFCF00305886 /* chapterModel.swift */ = {isa = PBXFileReference; lastKnownFileType = sourcecode.swift; path = chapterModel.swift; sourceTree = "<group>"; };
		E5F8E22F2A1CE08600305886 /* comicModel.swift */ = {isa = PBXFileReference; lastKnownFileType = sourcecode.swift; path = comicModel.swift; sourceTree = "<group>"; };
/* End PBXFileReference section */

/* Begin PBXFrameworksBuildPhase section */
		E5AFAD212A09634500D8DF0E /* Frameworks */ = {
			isa = PBXFrameworksBuildPhase;
			buildActionMask = 2147483647;
			files = (
				E5399E2E2A0C7C3300F5132A /* Kingfisher in Frameworks */,
			);
			runOnlyForDeploymentPostprocessing = 0;
		};
/* End PBXFrameworksBuildPhase section */

/* Begin PBXGroup section */
		E5137A612A0A5E060053C4F1 /* ViewControllers */ = {
			isa = PBXGroup;
			children = (
				E5137A5F2A0A5DE70053C4F1 /* SignUpViewController.swift */,
				E5AFAD2B2A09634500D8DF0E /* ViewController.swift */,
				E5137A622A0AA2DB0053C4F1 /* HomeViewController.swift */,
				E5399E2A2A0C6DAB00F5132A /* ComicCollectionViewCell.swift */,
				E5399E2F2A0C8F9E00F5132A /* RatingComicCollectionViewCell.swift */,
				E5BBA2622A111154009DBA34 /* ComicPageViewController.swift */,
				E5BBA2682A152CAC009DBA34 /* ComicContentViewController.swift */,
			);
			path = ViewControllers;
			sourceTree = "<group>";
		};
		E5AFAD1B2A09634500D8DF0E = {
			isa = PBXGroup;
			children = (
				E5AFAD262A09634500D8DF0E /* AppTruyenTranh */,
				E5AFAD252A09634500D8DF0E /* Products */,
			);
			sourceTree = "<group>";
		};
		E5AFAD252A09634500D8DF0E /* Products */ = {
			isa = PBXGroup;
			children = (
				E5AFAD242A09634500D8DF0E /* AppTruyenTranh.app */,
			);
			name = Products;
			sourceTree = "<group>";
		};
		E5AFAD262A09634500D8DF0E /* AppTruyenTranh */ = {
			isa = PBXGroup;
			children = (
				E5EC26082A2342A300BCA1B6 /* Utilities */,
				E5137A612A0A5E060053C4F1 /* ViewControllers */,
				E5AFAD272A09634500D8DF0E /* AppDelegate.swift */,
				E5AFAD292A09634500D8DF0E /* SceneDelegate.swift */,
				E5AFAD2D2A09634500D8DF0E /* Main.storyboard */,
				E5AFAD302A09634600D8DF0E /* Assets.xcassets */,
				E5AFAD322A09634600D8DF0E /* LaunchScreen.storyboard */,
				E5AFAD352A09634600D8DF0E /* Info.plist */,
			);
			path = AppTruyenTranh;
			sourceTree = "<group>";
		};
		E5EC26082A2342A300BCA1B6 /* Utilities */ = {
			isa = PBXGroup;
			children = (
				E5BBA26E2A18AAF2009DBA34 /* ComicTableViewCell.swift */,
				E5BBA26F2A18AAF2009DBA34 /* ComicTableViewCell.xib */,
				E5BBA2642A139FA0009DBA34 /* ChapterTableViewCell.swift */,
				E5BBA2652A139FA0009DBA34 /* ChapterTableViewCell.xib */,
				E5F8E22D2A1CDFCF00305886 /* chapterModel.swift */,
				E5F8E22F2A1CE08600305886 /* comicModel.swift */,
			);
			path = Utilities;
			sourceTree = "<group>";
		};
/* End PBXGroup section */

/* Begin PBXNativeTarget section */
		E5AFAD232A09634500D8DF0E /* AppTruyenTranh */ = {
			isa = PBXNativeTarget;
			buildConfigurationList = E5AFAD382A09634600D8DF0E /* Build configuration list for PBXNativeTarget "AppTruyenTranh" */;
			buildPhases = (
				E5AFAD202A09634500D8DF0E /* Sources */,
				E5AFAD212A09634500D8DF0E /* Frameworks */,
				E5AFAD222A09634500D8DF0E /* Resources */,
			);
			buildRules = (
			);
			dependencies = (
			);
			name = AppTruyenTranh;
			packageProductDependencies = (
				E5399E2D2A0C7C3300F5132A /* Kingfisher */,
			);
			productName = AppTruyenTranh;
			productReference = E5AFAD242A09634500D8DF0E /* AppTruyenTranh.app */;
			productType = "com.apple.product-type.application";
		};
/* End PBXNativeTarget section */

/* Begin PBXProject section */
		E5AFAD1C2A09634500D8DF0E /* Project object */ = {
			isa = PBXProject;
			attributes = {
				BuildIndependentTargetsInParallel = 1;
				LastSwiftUpdateCheck = 1410;
				LastUpgradeCheck = 1410;
				TargetAttributes = {
					E5AFAD232A09634500D8DF0E = {
						CreatedOnToolsVersion = 14.1;
					};
				};
			};
			buildConfigurationList = E5AFAD1F2A09634500D8DF0E /* Build configuration list for PBXProject "AppTruyenTranh" */;
			compatibilityVersion = "Xcode 14.0";
			developmentRegion = en;
			hasScannedForEncodings = 0;
			knownRegions = (
				en,
				Base,
			);
			mainGroup = E5AFAD1B2A09634500D8DF0E;
			packageReferences = (
				E5399E2C2A0C7C3300F5132A /* XCRemoteSwiftPackageReference "Kingfisher" */,
			);
			productRefGroup = E5AFAD252A09634500D8DF0E /* Products */;
			projectDirPath = "";
			projectRoot = "";
			targets = (
				E5AFAD232A09634500D8DF0E /* AppTruyenTranh */,
			);
		};
/* End PBXProject section */

/* Begin PBXResourcesBuildPhase section */
		E5AFAD222A09634500D8DF0E /* Resources */ = {
			isa = PBXResourcesBuildPhase;
			buildActionMask = 2147483647;
			files = (
				E5BBA2712A18AAF2009DBA34 /* ComicTableViewCell.xib in Resources */,
				E5AFAD342A09634600D8DF0E /* LaunchScreen.storyboard in Resources */,
				E5AFAD312A09634600D8DF0E /* Assets.xcassets in Resources */,
				E5AFAD2F2A09634500D8DF0E /* Main.storyboard in Resources */,
				E5BBA2672A139FA0009DBA34 /* ChapterTableViewCell.xib in Resources */,
			);
			runOnlyForDeploymentPostprocessing = 0;
		};
/* End PBXResourcesBuildPhase section */

/* Begin PBXSourcesBuildPhase section */
		E5AFAD202A09634500D8DF0E /* Sources */ = {
			isa = PBXSourcesBuildPhase;
			buildActionMask = 2147483647;
			files = (
				E5137A632A0AA2DB0053C4F1 /* HomeViewController.swift in Sources */,
				E5F8E22E2A1CDFCF00305886 /* chapterModel.swift in Sources */,
				E5BBA2702A18AAF2009DBA34 /* ComicTableViewCell.swift in Sources */,
				E5AFAD2C2A09634500D8DF0E /* ViewController.swift in Sources */,
				E5399E2B2A0C6DAB00F5132A /* ComicCollectionViewCell.swift in Sources */,
				E5AFAD282A09634500D8DF0E /* AppDelegate.swift in Sources */,
				E5137A602A0A5DE70053C4F1 /* SignUpViewController.swift in Sources */,
				E5BBA2662A139FA0009DBA34 /* ChapterTableViewCell.swift in Sources */,
				E5F8E2302A1CE08600305886 /* comicModel.swift in Sources */,
				E5BBA2692A152CAC009DBA34 /* ComicContentViewController.swift in Sources */,
				E5AFAD2A2A09634500D8DF0E /* SceneDelegate.swift in Sources */,
				E5399E302A0C8F9E00F5132A /* RatingComicCollectionViewCell.swift in Sources */,
				E5BBA2632A111154009DBA34 /* ComicPageViewController.swift in Sources */,
			);
			runOnlyForDeploymentPostprocessing = 0;
		};
/* End PBXSourcesBuildPhase section */

/* Begin PBXVariantGroup section */
		E5AFAD2D2A09634500D8DF0E /* Main.storyboard */ = {
			isa = PBXVariantGroup;
			children = (
				E5AFAD2E2A09634500D8DF0E /* Base */,
			);
			name = Main.storyboard;
			sourceTree = "<group>";
		};
		E5AFAD322A09634600D8DF0E /* LaunchScreen.storyboard */ = {
			isa = PBXVariantGroup;
			children = (
				E5AFAD332A09634600D8DF0E /* Base */,
			);
			name = LaunchScreen.storyboard;
			sourceTree = "<group>";
		};
/* End PBXVariantGroup section */

/* Begin XCBuildConfiguration section */
		E5AFAD362A09634600D8DF0E /* Debug */ = {
			isa = XCBuildConfiguration;
			buildSettings = {
				ALWAYS_SEARCH_USER_PATHS = NO;
				CLANG_ANALYZER_NONNULL = YES;
				CLANG_ANALYZER_NUMBER_OBJECT_CONVERSION = YES_AGGRESSIVE;
				CLANG_CXX_LANGUAGE_STANDARD = "gnu++20";
				CLANG_ENABLE_MODULES = YES;
				CLANG_ENABLE_OBJC_ARC = YES;
				CLANG_ENABLE_OBJC_WEAK = YES;
				CLANG_WARN_BLOCK_CAPTURE_AUTORELEASING = YES;
				CLANG_WARN_BOOL_CONVERSION = YES;
				CLANG_WARN_COMMA = YES;
				CLANG_WARN_CONSTANT_CONVERSION = YES;
				CLANG_WARN_DEPRECATED_OBJC_IMPLEMENTATIONS = YES;
				CLANG_WARN_DIRECT_OBJC_ISA_USAGE = YES_ERROR;
				CLANG_WARN_DOCUMENTATION_COMMENTS = YES;
				CLANG_WARN_EMPTY_BODY = YES;
				CLANG_WARN_ENUM_CONVERSION = YES;
				CLANG_WARN_INFINITE_RECURSION = YES;
				CLANG_WARN_INT_CONVERSION = YES;
				CLANG_WARN_NON_LITERAL_NULL_CONVERSION = YES;
				CLANG_WARN_OBJC_IMPLICIT_RETAIN_SELF = YES;
				CLANG_WARN_OBJC_LITERAL_CONVERSION = YES;
				CLANG_WARN_OBJC_ROOT_CLASS = YES_ERROR;
				CLANG_WARN_QUOTED_INCLUDE_IN_FRAMEWORK_HEADER = YES;
				CLANG_WARN_RANGE_LOOP_ANALYSIS = YES;
				CLANG_WARN_STRICT_PROTOTYPES = YES;
				CLANG_WARN_SUSPICIOUS_MOVE = YES;
				CLANG_WARN_UNGUARDED_AVAILABILITY = YES_AGGRESSIVE;
				CLANG_WARN_UNREACHABLE_CODE = YES;
				CLANG_WARN__DUPLICATE_METHOD_MATCH = YES;
				COPY_PHASE_STRIP = NO;
				DEBUG_INFORMATION_FORMAT = dwarf;
				ENABLE_STRICT_OBJC_MSGSEND = YES;
				ENABLE_TESTABILITY = YES;
				GCC_C_LANGUAGE_STANDARD = gnu11;
				GCC_DYNAMIC_NO_PIC = NO;
				GCC_NO_COMMON_BLOCKS = YES;
				GCC_OPTIMIZATION_LEVEL = 0;
				GCC_PREPROCESSOR_DEFINITIONS = (
					"DEBUG=1",
					"$(inherited)",
				);
				GCC_WARN_64_TO_32_BIT_CONVERSION = YES;
				GCC_WARN_ABOUT_RETURN_TYPE = YES_ERROR;
				GCC_WARN_UNDECLARED_SELECTOR = YES;
				GCC_WARN_UNINITIALIZED_AUTOS = YES_AGGRESSIVE;
				GCC_WARN_UNUSED_FUNCTION = YES;
				GCC_WARN_UNUSED_VARIABLE = YES;
				IPHONEOS_DEPLOYMENT_TARGET = 16.1;
				MTL_ENABLE_DEBUG_INFO = INCLUDE_SOURCE;
				MTL_FAST_MATH = YES;
				ONLY_ACTIVE_ARCH = YES;
				SDKROOT = iphoneos;
				SWIFT_ACTIVE_COMPILATION_CONDITIONS = DEBUG;
				SWIFT_OPTIMIZATION_LEVEL = "-Onone";
			};
			name = Debug;
		};
		E5AFAD372A09634600D8DF0E /* Release */ = {
			isa = XCBuildConfiguration;
			buildSettings = {
				ALWAYS_SEARCH_USER_PATHS = NO;
				CLANG_ANALYZER_NONNULL = YES;
				CLANG_ANALYZER_NUMBER_OBJECT_CONVERSION = YES_AGGRESSIVE;
				CLANG_CXX_LANGUAGE_STANDARD = "gnu++20";
				CLANG_ENABLE_MODULES = YES;
				CLANG_ENABLE_OBJC_ARC = YES;
				CLANG_ENABLE_OBJC_WEAK = YES;
				CLANG_WARN_BLOCK_CAPTURE_AUTORELEASING = YES;
				CLANG_WARN_BOOL_CONVERSION = YES;
				CLANG_WARN_COMMA = YES;
				CLANG_WARN_CONSTANT_CONVERSION = YES;
				CLANG_WARN_DEPRECATED_OBJC_IMPLEMENTATIONS = YES;
				CLANG_WARN_DIRECT_OBJC_ISA_USAGE = YES_ERROR;
				CLANG_WARN_DOCUMENTATION_COMMENTS = YES;
				CLANG_WARN_EMPTY_BODY = YES;
				CLANG_WARN_ENUM_CONVERSION = YES;
				CLANG_WARN_INFINITE_RECURSION = YES;
				CLANG_WARN_INT_CONVERSION = YES;
				CLANG_WARN_NON_LITERAL_NULL_CONVERSION = YES;
				CLANG_WARN_OBJC_IMPLICIT_RETAIN_SELF = YES;
				CLANG_WARN_OBJC_LITERAL_CONVERSION = YES;
				CLANG_WARN_OBJC_ROOT_CLASS = YES_ERROR;
				CLANG_WARN_QUOTED_INCLUDE_IN_FRAMEWORK_HEADER = YES;
				CLANG_WARN_RANGE_LOOP_ANALYSIS = YES;
				CLANG_WARN_STRICT_PROTOTYPES = YES;
				CLANG_WARN_SUSPICIOUS_MOVE = YES;
				CLANG_WARN_UNGUARDED_AVAILABILITY = YES_AGGRESSIVE;
				CLANG_WARN_UNREACHABLE_CODE = YES;
				CLANG_WARN__DUPLICATE_METHOD_MATCH = YES;
				COPY_PHASE_STRIP = NO;
				DEBUG_INFORMATION_FORMAT = "dwarf-with-dsym";
				ENABLE_NS_ASSERTIONS = NO;
				ENABLE_STRICT_OBJC_MSGSEND = YES;
				GCC_C_LANGUAGE_STANDARD = gnu11;
				GCC_NO_COMMON_BLOCKS = YES;
				GCC_WARN_64_TO_32_BIT_CONVERSION = YES;
				GCC_WARN_ABOUT_RETURN_TYPE = YES_ERROR;
				GCC_WARN_UNDECLARED_SELECTOR = YES;
				GCC_WARN_UNINITIALIZED_AUTOS = YES_AGGRESSIVE;
				GCC_WARN_UNUSED_FUNCTION = YES;
				GCC_WARN_UNUSED_VARIABLE = YES;
				IPHONEOS_DEPLOYMENT_TARGET = 16.1;
				MTL_ENABLE_DEBUG_INFO = NO;
				MTL_FAST_MATH = YES;
				SDKROOT = iphoneos;
				SWIFT_COMPILATION_MODE = wholemodule;
				SWIFT_OPTIMIZATION_LEVEL = "-O";
				VALIDATE_PRODUCT = YES;
			};
			name = Release;
		};
		E5AFAD392A09634600D8DF0E /* Debug */ = {
			isa = XCBuildConfiguration;
			buildSettings = {
				ASSETCATALOG_COMPILER_APPICON_NAME = AppIcon;
				ASSETCATALOG_COMPILER_GLOBAL_ACCENT_COLOR_NAME = AccentColor;
				CODE_SIGN_STYLE = Automatic;
				CURRENT_PROJECT_VERSION = 1;
				GENERATE_INFOPLIST_FILE = YES;
				INFOPLIST_FILE = AppTruyenTranh/Info.plist;
				INFOPLIST_KEY_UIApplicationSupportsIndirectInputEvents = YES;
				INFOPLIST_KEY_UILaunchStoryboardName = LaunchScreen;
				INFOPLIST_KEY_UIMainStoryboardFile = Main;
				INFOPLIST_KEY_UISupportedInterfaceOrientations_iPad = "UIInterfaceOrientationPortrait UIInterfaceOrientationPortraitUpsideDown UIInterfaceOrientationLandscapeLeft UIInterfaceOrientationLandscapeRight";
				INFOPLIST_KEY_UISupportedInterfaceOrientations_iPhone = "UIInterfaceOrientationPortrait UIInterfaceOrientationLandscapeLeft UIInterfaceOrientationLandscapeRight";
				LD_RUNPATH_SEARCH_PATHS = (
					"$(inherited)",
					"@executable_path/Frameworks",
				);
				MARKETING_VERSION = 1.0;
				PRODUCT_BUNDLE_IDENTIFIER = huy.hoang.AppTruyenTranh;
				PRODUCT_NAME = "$(TARGET_NAME)";
				SWIFT_EMIT_LOC_STRINGS = YES;
				SWIFT_VERSION = 5.0;
				TARGETED_DEVICE_FAMILY = "1,2";
			};
			name = Debug;
		};
		E5AFAD3A2A09634600D8DF0E /* Release */ = {
			isa = XCBuildConfiguration;
			buildSettings = {
				ASSETCATALOG_COMPILER_APPICON_NAME = AppIcon;
				ASSETCATALOG_COMPILER_GLOBAL_ACCENT_COLOR_NAME = AccentColor;
				CODE_SIGN_STYLE = Automatic;
				CURRENT_PROJECT_VERSION = 1;
				GENERATE_INFOPLIST_FILE = YES;
				INFOPLIST_FILE = AppTruyenTranh/Info.plist;
				INFOPLIST_KEY_UIApplicationSupportsIndirectInputEvents = YES;
				INFOPLIST_KEY_UILaunchStoryboardName = LaunchScreen;
				INFOPLIST_KEY_UIMainStoryboardFile = Main;
				INFOPLIST_KEY_UISupportedInterfaceOrientations_iPad = "UIInterfaceOrientationPortrait UIInterfaceOrientationPortraitUpsideDown UIInterfaceOrientationLandscapeLeft UIInterfaceOrientationLandscapeRight";
				INFOPLIST_KEY_UISupportedInterfaceOrientations_iPhone = "UIInterfaceOrientationPortrait UIInterfaceOrientationLandscapeLeft UIInterfaceOrientationLandscapeRight";
				LD_RUNPATH_SEARCH_PATHS = (
					"$(inherited)",
					"@executable_path/Frameworks",
				);
				MARKETING_VERSION = 1.0;
				PRODUCT_BUNDLE_IDENTIFIER = huy.hoang.AppTruyenTranh;
				PRODUCT_NAME = "$(TARGET_NAME)";
				SWIFT_EMIT_LOC_STRINGS = YES;
				SWIFT_VERSION = 5.0;
				TARGETED_DEVICE_FAMILY = "1,2";
			};
			name = Release;
		};
/* End XCBuildConfiguration section */

/* Begin XCConfigurationList section */
		E5AFAD1F2A09634500D8DF0E /* Build configuration list for PBXProject "AppTruyenTranh" */ = {
			isa = XCConfigurationList;
			buildConfigurations = (
				E5AFAD362A09634600D8DF0E /* Debug */,
				E5AFAD372A09634600D8DF0E /* Release */,
			);
			defaultConfigurationIsVisible = 0;
			defaultConfigurationName = Release;
		};
		E5AFAD382A09634600D8DF0E /* Build configuration list for PBXNativeTarget "AppTruyenTranh" */ = {
			isa = XCConfigurationList;
			buildConfigurations = (
				E5AFAD392A09634600D8DF0E /* Debug */,
				E5AFAD3A2A09634600D8DF0E /* Release */,
			);
			defaultConfigurationIsVisible = 0;
			defaultConfigurationName = Release;
		};
/* End XCConfigurationList section */

/* Begin XCRemoteSwiftPackageReference section */
		E5399E2C2A0C7C3300F5132A /* XCRemoteSwiftPackageReference "Kingfisher" */ = {
			isa = XCRemoteSwiftPackageReference;
			repositoryURL = "https://github.com/onevcat/Kingfisher.git";
			requirement = {
				branch = master;
				kind = branch;
			};
		};
/* End XCRemoteSwiftPackageReference section */

/* Begin XCSwiftPackageProductDependency section */
		E5399E2D2A0C7C3300F5132A /* Kingfisher */ = {
			isa = XCSwiftPackageProductDependency;
			package = E5399E2C2A0C7C3300F5132A /* XCRemoteSwiftPackageReference "Kingfisher" */;
			productName = Kingfisher;
		};
/* End XCSwiftPackageProductDependency section */
	};
	rootObject = E5AFAD1C2A09634500D8DF0E /* Project object */;
}
